Microsoft Visual Studio Solution File, Format Version 12.00
# Visual Studio Version 17
VisualStudioVersion = 17.5.2.0
MinimumVisualStudioVersion = 10.0.40219.1
Project("{FAE04EC0-301F-11D3-BF4B-00C04F79EFBC}") = "AppRpgEtec", "AppRpgEtec.csproj", "{859871A0-4B26-B373-0223-C95D8BE3019A}"
EndProject
Global
	GlobalSection(SolutionConfigurationPlatforms) = preSolution
		Debug|Any CPU = Debug|Any CPU
		Release|Any CPU = Release|Any CPU
	EndGlobalSection
	GlobalSection(ProjectConfigurationPlatforms) = postSolution
		{859871A0-4B26-B373-0223-C95D8BE3019A}.Debug|Any CPU.ActiveCfg = Debug|Any CPU
		{859871A0-4B26-B373-0223-C95D8BE3019A}.Debug|Any CPU.Build.0 = Debug|Any CPU
		{859871A0-4B26-B373-0223-C95D8BE3019A}.Release|Any CPU.ActiveCfg = Release|Any CPU
		{859871A0-4B26-B373-0223-C95D8BE3019A}.Release|Any CPU.Build.0 = Release|Any CPU
	EndGlobalSection
	GlobalSection(SolutionProperties) = preSolution
		HideSolutionNode = FALSE
	EndGlobalSection
	GlobalSection(ExtensibilityGlobals) = postSolution
		SolutionGuid = {0577BFE0-808E-48CF-9603-CFAEFF937F0C}
	EndGlobalSection
EndGlobal
